
Microsoft Visual Studio Solution File, Format Version 12.00
# Visual Studio Version 17
VisualStudioVersion = 17.10.35013.160
MinimumVisualStudioVersion = 10.0.40219.1
Project("{FAE04EC0-301F-11D3-BF4B-00C04F79EFBC}") = "Calendar with event planner", "Calendar with event planner\Calendar with event planner.csproj", "{42D6FB9C-2E53-410B-A135-D7221BED4B79}"
EndProject
Global
	GlobalSection(SolutionConfigurationPlatforms) = preSolution
		Debug|Any CPU = Debug|Any CPU
		Release|Any CPU = Release|Any CPU
	EndGlobalSection
	GlobalSection(ProjectConfigurationPlatforms) = postSolution
		{42D6FB9C-2E53-410B-A135-D7221BED4B79}.Debug|Any CPU.ActiveCfg = Debug|Any CPU
		{42D6FB9C-2E53-410B-A135-D7221BED4B79}.Debug|Any CPU.Build.0 = Debug|Any CPU
		{42D6FB9C-2E53-410B-A135-D7221BED4B79}.Release|Any CPU.ActiveCfg = Release|Any CPU
		{42D6FB9C-2E53-410B-A135-D7221BED4B79}.Release|Any CPU.Build.0 = Release|Any CPU
	EndGlobalSection
	GlobalSection(SolutionProperties) = preSolution
		HideSolutionNode = FALSE
	EndGlobalSection
	GlobalSection(ExtensibilityGlobals) = postSolution
		SolutionGuid = {E7944BD9-4DEA-474B-8E1A-4040C9A5A037}
	EndGlobalSection
EndGlobal
